
Microsoft Visual Studio Solution File, Format Version 12.00
# Visual Studio Version 17
VisualStudioVersion = 17.6.33815.320
MinimumVisualStudioVersion = 10.0.40219.1
Project("{9A19103F-16F7-4668-BE54-9A1E7A4F7556}") = "Core_Proje", "Core_Proje\Core_Proje.csproj", "{0C4E8E62-91C8-4CBB-961C-7648DBD0A1B3}"
EndProject
Project("{9A19103F-16F7-4668-BE54-9A1E7A4F7556}") = "BusinessLayer", "BusinessLayer\BusinessLayer.csproj", "{1438FBE0-D6BE-48F3-AD0D-47E53FAA4C71}"
EndProject
Project("{9A19103F-16F7-4668-BE54-9A1E7A4F7556}") = "DataAccessLayer", "DataAccessLayer\DataAccessLayer.csproj", "{57A054EE-6C39-4099-BE86-BB7FC3531F1C}"
EndProject
Project("{9A19103F-16F7-4668-BE54-9A1E7A4F7556}") = "EntityLayer", "EntityLayer\EntityLayer.csproj", "{D1E925C1-B638-4D19-B5B8-2331049470B5}"
EndProject
Project("{FAE04EC0-301F-11D3-BF4B-00C04F79EFBC}") = "Core_Proje_Api", "Core_Proje_Api\Core_Proje_Api.csproj", "{E5C825E8-6BA5-48F5-B669-2EEBBAFAB5B5}"
EndProject
Global
	GlobalSection(SolutionConfigurationPlatforms) = preSolution
		Debug|Any CPU = Debug|Any CPU
		Release|Any CPU = Release|Any CPU
	EndGlobalSection
	GlobalSection(ProjectConfigurationPlatforms) = postSolution
		{0C4E8E62-91C8-4CBB-961C-7648DBD0A1B3}.Debug|Any CPU.ActiveCfg = Debug|Any CPU
		{0C4E8E62-91C8-4CBB-961C-7648DBD0A1B3}.Debug|Any CPU.Build.0 = Debug|Any CPU
		{0C4E8E62-91C8-4CBB-961C-7648DBD0A1B3}.Release|Any CPU.ActiveCfg = Release|Any CPU
		{0C4E8E62-91C8-4CBB-961C-7648DBD0A1B3}.Release|Any CPU.Build.0 = Release|Any CPU
		{1438FBE0-D6BE-48F3-AD0D-47E53FAA4C71}.Debug|Any CPU.ActiveCfg = Debug|Any CPU
		{1438FBE0-D6BE-48F3-AD0D-47E53FAA4C71}.Debug|Any CPU.Build.0 = Debug|Any CPU
		{1438FBE0-D6BE-48F3-AD0D-47E53FAA4C71}.Release|Any CPU.ActiveCfg = Release|Any CPU
		{1438FBE0-D6BE-48F3-AD0D-47E53FAA4C71}.Release|Any CPU.Build.0 = Release|Any CPU
		{57A054EE-6C39-4099-BE86-BB7FC3531F1C}.Debug|Any CPU.ActiveCfg = Debug|Any CPU
		{57A054EE-6C39-4099-BE86-BB7FC3531F1C}.Debug|Any CPU.Build.0 = Debug|Any CPU
		{57A054EE-6C39-4099-BE86-BB7FC3531F1C}.Release|Any CPU.ActiveCfg = Release|Any CPU
		{57A054EE-6C39-4099-BE86-BB7FC3531F1C}.Release|Any CPU.Build.0 = Release|Any CPU
		{D1E925C1-B638-4D19-B5B8-2331049470B5}.Debug|Any CPU.ActiveCfg = Debug|Any CPU
		{D1E925C1-B638-4D19-B5B8-2331049470B5}.Debug|Any CPU.Build.0 = Debug|Any CPU
		{D1E925C1-B638-4D19-B5B8-2331049470B5}.Release|Any CPU.ActiveCfg = Release|Any CPU
		{D1E925C1-B638-4D19-B5B8-2331049470B5}.Release|Any CPU.Build.0 = Release|Any CPU
		{E5C825E8-6BA5-48F5-B669-2EEBBAFAB5B5}.Debug|Any CPU.ActiveCfg = Debug|Any CPU
		{E5C825E8-6BA5-48F5-B669-2EEBBAFAB5B5}.Debug|Any CPU.Build.0 = Debug|Any CPU
		{E5C825E8-6BA5-48F5-B669-2EEBBAFAB5B5}.Release|Any CPU.ActiveCfg = Release|Any CPU
		{E5C825E8-6BA5-48F5-B669-2EEBBAFAB5B5}.Release|Any CPU.Build.0 = Release|Any CPU
	EndGlobalSection
	GlobalSection(SolutionProperties) = preSolution
		HideSolutionNode = FALSE
	EndGlobalSection
	GlobalSection(ExtensibilityGlobals) = postSolution
		SolutionGuid = {F4A33F27-5D8A-4905-847A-CF47FBDE48CD}
	EndGlobalSection
EndGlobal
